{
    "requires": true,
    "lockfileVersion": 1,
    "dependencies": {
        "@types/lodash": {
            "version": "4.14.129",
            "resolved": "https://registry.npmjs.org/@types/lodash/-/lodash-4.14.129.tgz",
            "integrity": "sha512-oYaV0eSlnOacOr7i4X1FFdH8ttSlb57gu3I9MuStIv2CYkISEY84dNHYsC3bF6sNH7qYcu1BtVrCtQ8Q4KPTfQ==",
            "dev": true
        },
        "@types/utf8": {
            "version": "2.1.6",
            "resolved": "https://registry.npmjs.org/@types/utf8/-/utf8-2.1.6.tgz",
            "integrity": "sha512-pRs2gYF5yoKYrgSaira0DJqVg2tFuF+Qjp838xS7K+mJyY2jJzjsrl6y17GbIa4uMRogMbxs+ghNCvKg6XyNrA==",
            "dev": true
        }
    }
}
